{
  "name": "woltage-example-event-casting",
  "version": "1.0.0",
  "lockfileVersion": 3,
  "requires": true,
  "packages": {
    "": {
      "name": "woltage-example-event-casting",
      "version": "1.0.0",
      "license": "ISC",
      "dependencies": {
        "@woltage/eventstore-kurrentdb": "file:../../packages/eventstore-kurrentdb",
        "@woltage/store-mongodb": "file:../../packages/store-mongodb",
        "@woltage/store-redis": "file:../../packages/store-redis",
        "woltage": "file:../../packages/woltage"
      },
      "devDependencies": {
        "@types/node": "^25.2.3",
        "typescript": "^5.9.3"
      }
    },
    "../../packages/eventstore-kurrentdb": {
      "name": "@woltage/eventstore-kurrentdb",
      "version": "1.0.3",
      "license": "ISC",
      "dependencies": {
        "@kurrent/kurrentdb-client": "^1.1.0"
      },
      "devDependencies": {
        "typescript": "^5.9.3"
      },
      "peerDependencies": {
        "woltage": "^1.x"
      }
    },
    "../../packages/store-mongodb": {
      "name": "@woltage/store-mongodb",
      "version": "1.0.3",
      "license": "ISC",
      "devDependencies": {
        "typescript": "^5.9.3"
      },
      "peerDependencies": {
        "mongodb": "^7.1.0",
        "woltage": "^1.x"
      }
    },
    "../../packages/store-redis": {
      "name": "@woltage/store-redis",
      "version": "1.0.3",
      "license": "ISC",
      "devDependencies": {
        "typescript": "^5.9.3"
      },
      "peerDependencies": {
        "redis": "^5.10.0",
        "woltage": "^1.x"
      }
    },
    "../../packages/woltage": {
      "version": "1.2.0",
      "license": "ISC",
      "devDependencies": {
        "typescript": "^5.9.3"
      },
      "peerDependencies": {
        "zod": ">=4.x"
      }
    },
    "node_modules/@types/node": {
      "version": "25.5.0",
      "resolved": "https://registry.npmjs.org/@types/node/-/node-25.5.0.tgz",
      "integrity": "sha512-jp2P3tQMSxWugkCUKLRPVUpGaL5MVFwF8RDuSRztfwgN1wmqJeMSbKlnEtQqU8UrhTmzEmZdu2I6v2dpp7XIxw==",
      "dev": true,
      "license": "MIT",
      "dependencies": {
        "undici-types": "~7.18.0"
      }
    },
    "node_modules/@woltage/eventstore-kurrentdb": {
      "resolved": "../../packages/eventstore-kurrentdb",
      "link": true
    },
    "node_modules/@woltage/store-mongodb": {
      "resolved": "../../packages/store-mongodb",
      "link": true
    },
    "node_modules/@woltage/store-redis": {
      "resolved": "../../packages/store-redis",
      "link": true
    },
    "node_modules/typescript": {
      "version": "5.9.3",
      "resolved": "https://registry.npmjs.org/typescript/-/typescript-5.9.3.tgz",
      "integrity": "sha512-jl1vZzPDinLr9eUt3J/t7V6FgNEw9QjvBPdysz9KfQDD41fQrC2Y4vKQdiaUpFT4bXlb1RHhLpp8wtm6M5TgSw==",
      "dev": true,
      "license": "Apache-2.0",
      "bin": {
        "tsc": "bin/tsc",
        "tsserver": "bin/tsserver"
      },
      "engines": {
        "node": ">=14.17"
      }
    },
    "node_modules/undici-types": {
      "version": "7.18.2",
      "resolved": "https://registry.npmjs.org/undici-types/-/undici-types-7.18.2.tgz",
      "integrity": "sha512-AsuCzffGHJybSaRrmr5eHr81mwJU3kjw6M+uprWvCXiNeN9SOGwQ3Jn8jb8m3Z6izVgknn1R0FTCEAP2QrLY/w==",
      "dev": true,
      "license": "MIT"
    },
    "node_modules/woltage": {
      "resolved": "../../packages/woltage",
      "link": true
    }
  }
}
