{
  "name": "woltage-example-side-effect-handling",
  "version": "1.0.0",
  "lockfileVersion": 3,
  "requires": true,
  "packages": {
    "": {
      "name": "woltage-example-side-effect-handling",
      "version": "1.0.0",
      "license": "ISC",
      "dependencies": {
        "@woltage/eventstore-kurrentdb": "file:../../packages/eventstore-kurrentdb",
        "@woltage/store-mongodb": "file:../../packages/store-mongodb",
        "@woltage/store-redis": "file:../../packages/store-redis",
        "amqplib": "^0.10.9",
        "woltage": "file:../../packages/woltage"
      },
      "devDependencies": {
        "@types/amqplib": "^0.10.8",
        "@types/node": "^25.2.3",
        "typescript": "^5.9.3"
      }
    },
    "../../packages/eventstore-kurrentdb": {
      "name": "@woltage/eventstore-kurrentdb",
      "version": "1.0.3",
      "license": "ISC",
      "dependencies": {
        "@kurrent/kurrentdb-client": "^1.1.0"
      },
      "devDependencies": {
        "typescript": "^5.9.3"
      },
      "peerDependencies": {
        "woltage": "^1.x"
      }
    },
    "../../packages/store-mongodb": {
      "name": "@woltage/store-mongodb",
      "version": "1.0.3",
      "license": "ISC",
      "devDependencies": {
        "typescript": "^5.9.3"
      },
      "peerDependencies": {
        "mongodb": "^7.1.0",
        "woltage": "^1.x"
      }
    },
    "../../packages/store-redis": {
      "name": "@woltage/store-redis",
      "version": "1.0.3",
      "license": "ISC",
      "devDependencies": {
        "typescript": "^5.9.3"
      },
      "peerDependencies": {
        "redis": "^5.10.0",
        "woltage": "^1.x"
      }
    },
    "../../packages/woltage": {
      "version": "1.2.0",
      "license": "ISC",
      "devDependencies": {
        "typescript": "^5.9.3"
      },
      "peerDependencies": {
        "zod": "^4.3.6"
      }
    },
    "node_modules/@types/amqplib": {
      "version": "0.10.8",
      "resolved": "https://registry.npmjs.org/@types/amqplib/-/amqplib-0.10.8.tgz",
      "integrity": "sha512-vtDp8Pk1wsE/AuQ8/Rgtm6KUZYqcnTgNvEHwzCkX8rL7AGsC6zqAfKAAJhUZXFhM/Pp++tbnUHiam/8vVpPztA==",
      "dev": true,
      "license": "MIT",
      "dependencies": {
        "@types/node": "*"
      }
    },
    "node_modules/@types/node": {
      "version": "25.2.3",
      "resolved": "https://registry.npmjs.org/@types/node/-/node-25.2.3.tgz",
      "integrity": "sha512-m0jEgYlYz+mDJZ2+F4v8D1AyQb+QzsNqRuI7xg1VQX/KlKS0qT9r1Mo16yo5F/MtifXFgaofIFsdFMox2SxIbQ==",
      "dev": true,
      "license": "MIT",
      "dependencies": {
        "undici-types": "~7.16.0"
      }
    },
    "node_modules/@woltage/eventstore-kurrentdb": {
      "resolved": "../../packages/eventstore-kurrentdb",
      "link": true
    },
    "node_modules/@woltage/store-mongodb": {
      "resolved": "../../packages/store-mongodb",
      "link": true
    },
    "node_modules/@woltage/store-redis": {
      "resolved": "../../packages/store-redis",
      "link": true
    },
    "node_modules/amqplib": {
      "version": "0.10.9",
      "resolved": "https://registry.npmjs.org/amqplib/-/amqplib-0.10.9.tgz",
      "integrity": "sha512-jwSftI4QjS3mizvnSnOrPGYiUnm1vI2OP1iXeOUz5pb74Ua0nbf6nPyyTzuiCLEE3fMpaJORXh2K/TQ08H5xGA==",
      "license": "MIT",
      "dependencies": {
        "buffer-more-ints": "~1.0.0",
        "url-parse": "~1.5.10"
      },
      "engines": {
        "node": ">=10"
      }
    },
    "node_modules/buffer-more-ints": {
      "version": "1.0.0",
      "resolved": "https://registry.npmjs.org/buffer-more-ints/-/buffer-more-ints-1.0.0.tgz",
      "integrity": "sha512-EMetuGFz5SLsT0QTnXzINh4Ksr+oo4i+UGTXEshiGCQWnsgSs7ZhJ8fzlwQ+OzEMs0MpDAMr1hxnblp5a4vcHg==",
      "license": "MIT"
    },
    "node_modules/querystringify": {
      "version": "2.2.0",
      "resolved": "https://registry.npmjs.org/querystringify/-/querystringify-2.2.0.tgz",
      "integrity": "sha512-FIqgj2EUvTa7R50u0rGsyTftzjYmv/a3hO345bZNrqabNqjtgiDMgmo4mkUjd+nzU5oF3dClKqFIPUKybUyqoQ==",
      "license": "MIT"
    },
    "node_modules/requires-port": {
      "version": "1.0.0",
      "resolved": "https://registry.npmjs.org/requires-port/-/requires-port-1.0.0.tgz",
      "integrity": "sha512-KigOCHcocU3XODJxsu8i/j8T9tzT4adHiecwORRQ0ZZFcp7ahwXuRU1m+yuO90C5ZUyGeGfocHDI14M3L3yDAQ==",
      "license": "MIT"
    },
    "node_modules/typescript": {
      "version": "5.9.3",
      "resolved": "https://registry.npmjs.org/typescript/-/typescript-5.9.3.tgz",
      "integrity": "sha512-jl1vZzPDinLr9eUt3J/t7V6FgNEw9QjvBPdysz9KfQDD41fQrC2Y4vKQdiaUpFT4bXlb1RHhLpp8wtm6M5TgSw==",
      "dev": true,
      "license": "Apache-2.0",
      "bin": {
        "tsc": "bin/tsc",
        "tsserver": "bin/tsserver"
      },
      "engines": {
        "node": ">=14.17"
      }
    },
    "node_modules/undici-types": {
      "version": "7.16.0",
      "resolved": "https://registry.npmjs.org/undici-types/-/undici-types-7.16.0.tgz",
      "integrity": "sha512-Zz+aZWSj8LE6zoxD+xrjh4VfkIG8Ya6LvYkZqtUQGJPZjYl53ypCaUwWqo7eI0x66KBGeRo+mlBEkMSeSZ38Nw==",
      "dev": true,
      "license": "MIT"
    },
    "node_modules/url-parse": {
      "version": "1.5.10",
      "resolved": "https://registry.npmjs.org/url-parse/-/url-parse-1.5.10.tgz",
      "integrity": "sha512-WypcfiRhfeUP9vvF0j6rw0J3hrWrw6iZv3+22h6iRMJ/8z1Tj6XfLP4DsUix5MhMPnXpiHDoKyoZ/bdCkwBCiQ==",
      "license": "MIT",
      "dependencies": {
        "querystringify": "^2.1.1",
        "requires-port": "^1.0.0"
      }
    },
    "node_modules/woltage": {
      "resolved": "../../packages/woltage",
      "link": true
    }
  }
}
