{
  "name": "@woltage/store-redis",
  "version": "1.0.0",
  "lockfileVersion": 3,
  "requires": true,
  "packages": {
    "": {
      "name": "@woltage/store-redis",
      "version": "1.0.0",
      "license": "ISC",
      "devDependencies": {
        "typescript": "^5.8.3"
      },
      "peerDependencies": {
        "redis": "^5.0.1",
        "woltage": "file:../woltage"
      }
    },
    "../woltage": {
      "version": "1.0.0",
      "license": "ISC",
      "peer": true,
      "devDependencies": {
        "typescript": "^5.8.3"
      },
      "peerDependencies": {
        "zod": "^3.25.28"
      }
    },
    "node_modules/@redis/bloom": {
      "version": "5.1.1",
      "resolved": "https://registry.npmjs.org/@redis/bloom/-/bloom-5.1.1.tgz",
      "integrity": "sha512-PnMcvpL7O2DHtnSL5JtyNmraNrdHuJXi3u2isGTUuPgkbAuWQKfZdknq471ySILL+qKtLfVJqzgDFMjYmZzK6Q==",
      "license": "MIT",
      "peer": true,
      "engines": {
        "node": ">= 18"
      },
      "peerDependencies": {
        "@redis/client": "^5.1.1"
      }
    },
    "node_modules/@redis/client": {
      "version": "5.1.1",
      "resolved": "https://registry.npmjs.org/@redis/client/-/client-5.1.1.tgz",
      "integrity": "sha512-vojbBqUdbkD+ylCy3+ZDXLzSmgiYH9pLrv87kF+nDgsRaHKrVVxPV9B4u6EfWRx7XGvQGZqsXVkKFhsEOsG3LA==",
      "license": "MIT",
      "peer": true,
      "dependencies": {
        "cluster-key-slot": "1.1.2"
      },
      "engines": {
        "node": ">= 18"
      }
    },
    "node_modules/@redis/json": {
      "version": "5.1.1",
      "resolved": "https://registry.npmjs.org/@redis/json/-/json-5.1.1.tgz",
      "integrity": "sha512-A5M0dcgxGKq+oE6spIPBcGLDBiwoSPTs2wesVb4x30rXfG6rPtqt1Z7fCMtvTL2kHUNRKgZ78zhD+0+MENZt7g==",
      "license": "MIT",
      "peer": true,
      "engines": {
        "node": ">= 18"
      },
      "peerDependencies": {
        "@redis/client": "^5.1.1"
      }
    },
    "node_modules/@redis/search": {
      "version": "5.1.1",
      "resolved": "https://registry.npmjs.org/@redis/search/-/search-5.1.1.tgz",
      "integrity": "sha512-bChudQmcqfYUxEGMeXMkljXtwse4hzqcqRwbZDwRyYe+EEeW/lXVl3w/mS2tHnAb2yqGnfDghid8iHEtVNqjww==",
      "license": "MIT",
      "peer": true,
      "engines": {
        "node": ">= 18"
      },
      "peerDependencies": {
        "@redis/client": "^5.1.1"
      }
    },
    "node_modules/@redis/time-series": {
      "version": "5.1.1",
      "resolved": "https://registry.npmjs.org/@redis/time-series/-/time-series-5.1.1.tgz",
      "integrity": "sha512-HPjZLfcZxh5mBLqRgx7KCZG6JXxGnb7yJqo9qZ/KMTWK/k3SWyH47DHJbYbRNzKOEkbK/l/5kikDTm79uJuCbg==",
      "license": "MIT",
      "peer": true,
      "engines": {
        "node": ">= 18"
      },
      "peerDependencies": {
        "@redis/client": "^5.1.1"
      }
    },
    "node_modules/cluster-key-slot": {
      "version": "1.1.2",
      "resolved": "https://registry.npmjs.org/cluster-key-slot/-/cluster-key-slot-1.1.2.tgz",
      "integrity": "sha512-RMr0FhtfXemyinomL4hrWcYJxmX6deFdCxpJzhDttxgO1+bcCnkk+9drydLVDmAMG7NE6aN/fl4F7ucU/90gAA==",
      "license": "Apache-2.0",
      "peer": true,
      "engines": {
        "node": ">=0.10.0"
      }
    },
    "node_modules/redis": {
      "version": "5.1.1",
      "resolved": "https://registry.npmjs.org/redis/-/redis-5.1.1.tgz",
      "integrity": "sha512-4t6n2Q9aFqpQnqBR/g84zsXW+U0hdSzYymqoGGZk44p+kuzzHbgukjOAca+PlQ563TbXcgv1njerllYWjAWw4g==",
      "license": "MIT",
      "peer": true,
      "dependencies": {
        "@redis/bloom": "5.1.1",
        "@redis/client": "5.1.1",
        "@redis/json": "5.1.1",
        "@redis/search": "5.1.1",
        "@redis/time-series": "5.1.1"
      },
      "engines": {
        "node": ">= 18"
      }
    },
    "node_modules/typescript": {
      "version": "5.8.3",
      "resolved": "https://registry.npmjs.org/typescript/-/typescript-5.8.3.tgz",
      "integrity": "sha512-p1diW6TqL9L07nNxvRMM7hMMw4c5XOo/1ibL4aAIGmSAt9slTE1Xgw5KWuof2uTOvCg9BY7ZRi+GaF+7sfgPeQ==",
      "dev": true,
      "license": "Apache-2.0",
      "bin": {
        "tsc": "bin/tsc",
        "tsserver": "bin/tsserver"
      },
      "engines": {
        "node": ">=14.17"
      }
    },
    "node_modules/woltage": {
      "resolved": "../woltage",
      "link": true
    }
  }
}
