{
  "name": "@woltage/eventstore-composed",
  "version": "1.0.0",
  "lockfileVersion": 3,
  "requires": true,
  "packages": {
    "": {
      "name": "@woltage/eventstore-composed",
      "version": "1.0.0",
      "license": "ISC",
      "devDependencies": {
        "typescript": "^5.9.3"
      },
      "peerDependencies": {
        "woltage": "^1.x"
      }
    },
    "../woltage": {
      "version": "1.2.0",
      "license": "ISC",
      "peer": true,
      "devDependencies": {
        "typescript": "^5.9.3"
      },
      "peerDependencies": {
        "zod": "^4.3.6"
      }
    },
    "../woltage/node_modules/typescript": {
      "version": "5.9.3",
      "dev": true,
      "license": "Apache-2.0",
      "peer": true,
      "bin": {
        "tsc": "bin/tsc",
        "tsserver": "bin/tsserver"
      },
      "engines": {
        "node": ">=14.17"
      }
    },
    "../woltage/node_modules/zod": {
      "version": "4.3.6",
      "license": "MIT",
      "peer": true,
      "funding": {
        "url": "https://github.com/sponsors/colinhacks"
      }
    },
    "node_modules/typescript": {
      "version": "5.9.3",
      "dev": true,
      "license": "Apache-2.0",
      "bin": {
        "tsc": "bin/tsc",
        "tsserver": "bin/tsserver"
      },
      "engines": {
        "node": ">=14.17"
      }
    },
    "node_modules/woltage": {
      "resolved": "../woltage",
      "link": true
    }
  }
}
